<?xml version="1.0" encoding="utf-8"?>
<Project ToolsVersion="4.0" xmlns="http://schemas.microsoft.com/developer/msbuild/2003">
  <ItemGroup>
    <Filter Include="AnalyserUI">
      <UniqueIdentifier>{cdc486cf-8bdb-4100-8141-07e7ed77108c}</UniqueIdentifier>
    </Filter>
    <Filter Include="AnalyserUI\Viewers">
      <UniqueIdentifier>{3043e168-0600-4521-a8db-f9b282d65e7f}</UniqueIdentifier>
    </Filter>
    <Filter Include="AnalyserUI\ImGuiSupport">
      <UniqueIdentifier>{ac7ac1b5-eb11-4301-9176-3f4ef2b97674}</UniqueIdentifier>
    </Filter>
  </ItemGroup>
  <ItemGroup>
    <ClInclude Include="AnalyserUI\AnalyserUI.h">
      <Filter>AnalyserUI</Filter>
    </ClInclude>
    <ClInclude Include="AnalyserUI\IImGuiDraw.h">
      <Filter>AnalyserUI</Filter>
    </ClInclude>
    <ClInclude Include="AnalyserUI\IImGuiRenderer.h">
      <Filter>AnalyserUI</Filter>
    </ClInclude>
    <ClInclude Include="AnalyserUI\ImguiRenderer_Win32_DX11.h">
      <Filter>AnalyserUI</Filter>
    </ClInclude>
    <ClInclude Include="AnalyserUI\Viewers\CallstackViewer.h">
      <Filter>AnalyserUI\Viewers</Filter>
    </ClInclude>
    <ClInclude Include="AnalyserUI\Viewers\CodeAnalysisViewer.h">
      <Filter>AnalyserUI\Viewers</Filter>
    </ClInclude>
    <ClInclude Include="AnalyserUI\Viewers\GlobalsViewer.h">
      <Filter>AnalyserUI\Viewers</Filter>
    </ClInclude>
    <ClInclude Include="AnalyserUI\Viewers\RegistersViewer.h">
      <Filter>AnalyserUI\Viewers</Filter>
    </ClInclude>
    <ClInclude Include="AnalyserUI\Viewers\ViewerBase.h">
      <Filter>AnalyserUI\Viewers</Filter>
    </ClInclude>
    <ClInclude Include="AnalyserUI\Viewers\ScreenViewer.h">
      <Filter>AnalyserUI\Viewers</Filter>
    </ClInclude>
    <ClInclude Include="AnalyserUI\ImGuiSupport\ImGuiTexture.h">
      <Filter>AnalyserUI\ImGuiSupport</Filter>
    </ClInclude>
  </ItemGroup>
  <ItemGroup>
    <ClCompile Include="AnalyserUI\AnalyserUI.cpp">
      <Filter>AnalyserUI</Filter>
    </ClCompile>
    <ClCompile Include="AnalyserUI\ImguiRenderer_Win32_DX11.cpp">
      <Filter>AnalyserUI</Filter>
    </ClCompile>
    <ClCompile Include="AnalyserUI\Viewers\CallstackViewer.cpp">
      <Filter>AnalyserUI\Viewers</Filter>
    </ClCompile>
    <ClCompile Include="AnalyserUI\Viewers\CodeAnalysisViewer.cpp">
      <Filter>AnalyserUI\Viewers</Filter>
    </ClCompile>
    <ClCompile Include="AnalyserUI\Viewers\GlobalsViewer.cpp">
      <Filter>AnalyserUI\Viewers</Filter>
    </ClCompile>
    <ClCompile Include="AnalyserUI\Viewers\RegistersViewer.cpp">
      <Filter>AnalyserUI\Viewers</Filter>
    </ClCompile>
    <ClCompile Include="AnalyserUI\Viewers\ViewerBase.cpp">
      <Filter>AnalyserUI\Viewers</Filter>
    </ClCompile>
    <ClCompile Include="AnalyserUI\Viewers\ScreenViewer.cpp">
      <Filter>AnalyserUI\Viewers</Filter>
    </ClCompile>
  </ItemGroup>
  <ItemGroup>
    <None Include="..\README.txt" />
  </ItemGroup>
</Project>